
Microsoft Visual Studio Solution File, Format Version 12.00
# Visual Studio 15
VisualStudioVersion = 15.0.27130.2003
MinimumVisualStudioVersion = 10.0.40219.1
Project("{FAE04EC0-301F-11D3-BF4B-00C04F79EFBC}") = "MatchingGame", "MatchingGame\MatchingGame.csproj", "{4904961D-9D07-4ACA-81A9-7B05E08A11D2}"
EndProject
Project("{FAE04EC0-301F-11D3-BF4B-00C04F79EFBC}") = "MatchingGameTest", "MatchingGameTest\MatchingGameTest.csproj", "{97A44A70-610E-46DC-B71A-C99193408934}"
EndProject
Global
	GlobalSection(SolutionConfigurationPlatforms) = preSolution
		Debug|Any CPU = Debug|Any CPU
		Release|Any CPU = Release|Any CPU
	EndGlobalSection
	GlobalSection(ProjectConfigurationPlatforms) = postSolution
		{4904961D-9D07-4ACA-81A9-7B05E08A11D2}.Debug|Any CPU.ActiveCfg = Debug|Any CPU
		{4904961D-9D07-4ACA-81A9-7B05E08A11D2}.Debug|Any CPU.Build.0 = Debug|Any CPU
		{4904961D-9D07-4ACA-81A9-7B05E08A11D2}.Release|Any CPU.ActiveCfg = Release|Any CPU
		{4904961D-9D07-4ACA-81A9-7B05E08A11D2}.Release|Any CPU.Build.0 = Release|Any CPU
		{97A44A70-610E-46DC-B71A-C99193408934}.Debug|Any CPU.ActiveCfg = Debug|Any CPU
		{97A44A70-610E-46DC-B71A-C99193408934}.Debug|Any CPU.Build.0 = Debug|Any CPU
		{97A44A70-610E-46DC-B71A-C99193408934}.Release|Any CPU.ActiveCfg = Release|Any CPU
		{97A44A70-610E-46DC-B71A-C99193408934}.Release|Any CPU.Build.0 = Release|Any CPU
	EndGlobalSection
	GlobalSection(SolutionProperties) = preSolution
		HideSolutionNode = FALSE
	EndGlobalSection
	GlobalSection(ExtensibilityGlobals) = postSolution
		SolutionGuid = {E8FA3A61-B4CF-4B34-BDDB-BB1B8B21C091}
	EndGlobalSection
EndGlobal
